// !$*UTF8*$!
{
	archiveVersion = 1;
	classes = {
	};
	objectVersion = 46;
	objects = {

/* Begin PBXBuildFile section */
		70B7FCD71AA7F92000224CF2 /* TabBarViewController.swift in Sources */ = {isa = PBXBuildFile; fileRef = 70B7FCD61AA7F92000224CF2 /* TabBarViewController.swift */; };
		70B7FCD91AA7FAC400224CF2 /* HomeViewController.swift in Sources */ = {isa = PBXBuildFile; fileRef = 70B7FCD81AA7FAC400224CF2 /* HomeViewController.swift */; };
		70B7FCDB1AA7FACD00224CF2 /* SearchViewController.swift in Sources */ = {isa = PBXBuildFile; fileRef = 70B7FCDA1AA7FACD00224CF2 /* SearchViewController.swift */; };
		70B7FCDD1AA7FAD600224CF2 /* ComposeViewController.swift in Sources */ = {isa = PBXBuildFile; fileRef = 70B7FCDC1AA7FAD600224CF2 /* ComposeViewController.swift */; };
		70B7FCDF1AA7FAE600224CF2 /* AccountViewController.swift in Sources */ = {isa = PBXBuildFile; fileRef = 70B7FCDE1AA7FAE600224CF2 /* AccountViewController.swift */; };
		70B7FCE11AA7FAF200224CF2 /* TrendingViewController.swift in Sources */ = {isa = PBXBuildFile; fileRef = 70B7FCE01AA7FAF200224CF2 /* TrendingViewController.swift */; };
		70EBEE4F1AA67C8F00E5ACF4 /* AppDelegate.swift in Sources */ = {isa = PBXBuildFile; fileRef = 70EBEE4E1AA67C8F00E5ACF4 /* AppDelegate.swift */; };
		70EBEE541AA67C8F00E5ACF4 /* Main.storyboard in Resources */ = {isa = PBXBuildFile; fileRef = 70EBEE521AA67C8F00E5ACF4 /* Main.storyboard */; };
		70EBEE561AA67C8F00E5ACF4 /* Images.xcassets in Resources */ = {isa = PBXBuildFile; fileRef = 70EBEE551AA67C8F00E5ACF4 /* Images.xcassets */; };
		70EBEE651AA67C8F00E5ACF4 /* TumblrTests.swift in Sources */ = {isa = PBXBuildFile; fileRef = 70EBEE641AA67C8F00E5ACF4 /* TumblrTests.swift */; };
/* End PBXBuildFile section */

/* Begin PBXContainerItemProxy section */
		70EBEE5F1AA67C8F00E5ACF4 /* PBXContainerItemProxy */ = {
			isa = PBXContainerItemProxy;
			containerPortal = 70EBEE411AA67C8F00E5ACF4 /* Project object */;
			proxyType = 1;
			remoteGlobalIDString = 70EBEE481AA67C8F00E5ACF4;
			remoteInfo = Tumblr;
		};
/* End PBXContainerItemProxy section */

/* Begin PBXFileReference section */
		70B7FCD61AA7F92000224CF2 /* TabBarViewController.swift */ = {isa = PBXFileReference; fileEncoding = 4; lastKnownFileType = sourcecode.swift; name = TabBarViewController.swift; path = ../TabBarViewController.swift; sourceTree = "<group>"; };
		70B7FCD81AA7FAC400224CF2 /* HomeViewController.swift */ = {isa = PBXFileReference; fileEncoding = 4; lastKnownFileType = sourcecode.swift; path = HomeViewController.swift; sourceTree = "<group>"; };
		70B7FCDA1AA7FACD00224CF2 /* SearchViewController.swift */ = {isa = PBXFileReference; fileEncoding = 4; lastKnownFileType = sourcecode.swift; path = SearchViewController.swift; sourceTree = "<group>"; };
		70B7FCDC1AA7FAD600224CF2 /* ComposeViewController.swift */ = {isa = PBXFileReference; fileEncoding = 4; lastKnownFileType = sourcecode.swift; path = ComposeViewController.swift; sourceTree = "<group>"; };
		70B7FCDE1AA7FAE600224CF2 /* AccountViewController.swift */ = {isa = PBXFileReference; fileEncoding = 4; lastKnownFileType = sourcecode.swift; path = AccountViewController.swift; sourceTree = "<group>"; };
		70B7FCE01AA7FAF200224CF2 /* TrendingViewController.swift */ = {isa = PBXFileReference; fileEncoding = 4; lastKnownFileType = sourcecode.swift; path = TrendingViewController.swift; sourceTree = "<group>"; };
		70EBEE491AA67C8F00E5ACF4 /* Tumblr.app */ = {isa = PBXFileReference; explicitFileType = wrapper.application; includeInIndex = 0; path = Tumblr.app; sourceTree = BUILT_PRODUCTS_DIR; };
		70EBEE4D1AA67C8F00E5ACF4 /* Info.plist */ = {isa = PBXFileReference; lastKnownFileType = text.plist.xml; path = Info.plist; sourceTree = "<group>"; };
		70EBEE4E1AA67C8F00E5ACF4 /* AppDelegate.swift */ = {isa = PBXFileReference; lastKnownFileType = sourcecode.swift; path = AppDelegate.swift; sourceTree = "<group>"; };
		70EBEE531AA67C8F00E5ACF4 /* Base */ = {isa = PBXFileReference; lastKnownFileType = file.storyboard; name = Base; path = Base.lproj/Main.storyboard; sourceTree = "<group>"; };
		70EBEE551AA67C8F00E5ACF4 /* Images.xcassets */ = {isa = PBXFileReference; lastKnownFileType = folder.assetcatalog; path = Images.xcassets; sourceTree = "<group>"; };
		70EBEE5E1AA67C8F00E5ACF4 /* TumblrTests.xctest */ = {isa = PBXFileReference; explicitFileType = wrapper.cfbundle; includeInIndex = 0; path = TumblrTests.xctest; sourceTree = BUILT_PRODUCTS_DIR; };
		70EBEE631AA67C8F00E5ACF4 /* Info.plist */ = {isa = PBXFileReference; lastKnownFileType = text.plist.xml; path = Info.plist; sourceTree = "<group>"; };
		70EBEE641AA67C8F00E5ACF4 /* TumblrTests.swift */ = {isa = PBXFileReference; lastKnownFileType = sourcecode.swift; path = TumblrTests.swift; sourceTree = "<group>"; };
/* End PBXFileReference section */

/* Begin PBXFrameworksBuildPhase section */
		70EBEE461AA67C8F00E5ACF4 /* Frameworks */ = {
			isa = PBXFrameworksBuildPhase;
			buildActionMask = 2147483647;
			files = (
			);
			runOnlyForDeploymentPostprocessing = 0;
		};
		70EBEE5B1AA67C8F00E5ACF4 /* Frameworks */ = {
			isa = PBXFrameworksBuildPhase;
			buildActionMask = 2147483647;
			files = (
			);
			runOnlyForDeploymentPostprocessing = 0;
		};
/* End PBXFrameworksBuildPhase section */

/* Begin PBXGroup section */
		70EBEE401AA67C8F00E5ACF4 = {
			isa = PBXGroup;
			children = (
				70EBEE4B1AA67C8F00E5ACF4 /* Tumblr */,
				70EBEE611AA67C8F00E5ACF4 /* TumblrTests */,
				70EBEE4A1AA67C8F00E5ACF4 /* Products */,
			);
			sourceTree = "<group>";
		};
		70EBEE4A1AA67C8F00E5ACF4 /* Products */ = {
			isa = PBXGroup;
			children = (
				70EBEE491AA67C8F00E5ACF4 /* Tumblr.app */,
				70EBEE5E1AA67C8F00E5ACF4 /* TumblrTests.xctest */,
			);
			name = Products;
			sourceTree = "<group>";
		};
		70EBEE4B1AA67C8F00E5ACF4 /* Tumblr */ = {
			isa = PBXGroup;
			children = (
				70B7FCD61AA7F92000224CF2 /* TabBarViewController.swift */,
				70EBEE4E1AA67C8F00E5ACF4 /* AppDelegate.swift */,
				70EBEE521AA67C8F00E5ACF4 /* Main.storyboard */,
				70B7FCD81AA7FAC400224CF2 /* HomeViewController.swift */,
				70B7FCDA1AA7FACD00224CF2 /* SearchViewController.swift */,
				70B7FCDC1AA7FAD600224CF2 /* ComposeViewController.swift */,
				70B7FCDE1AA7FAE600224CF2 /* AccountViewController.swift */,
				70B7FCE01AA7FAF200224CF2 /* TrendingViewController.swift */,
				70EBEE551AA67C8F00E5ACF4 /* Images.xcassets */,
				70EBEE4C1AA67C8F00E5ACF4 /* Supporting Files */,
			);
			path = Tumblr;
			sourceTree = "<group>";
		};
		70EBEE4C1AA67C8F00E5ACF4 /* Supporting Files */ = {
			isa = PBXGroup;
			children = (
				70EBEE4D1AA67C8F00E5ACF4 /* Info.plist */,
			);
			name = "Supporting Files";
			sourceTree = "<group>";
		};
		70EBEE611AA67C8F00E5ACF4 /* TumblrTests */ = {
			isa = PBXGroup;
			children = (
				70EBEE641AA67C8F00E5ACF4 /* TumblrTests.swift */,
				70EBEE621AA67C8F00E5ACF4 /* Supporting Files */,
			);
			path = TumblrTests;
			sourceTree = "<group>";
		};
		70EBEE621AA67C8F00E5ACF4 /* Supporting Files */ = {
			isa = PBXGroup;
			children = (
				70EBEE631AA67C8F00E5ACF4 /* Info.plist */,
			);
			name = "Supporting Files";
			sourceTree = "<group>";
		};
/* End PBXGroup section */

/* Begin PBXNativeTarget section */
		70EBEE481AA67C8F00E5ACF4 /* Tumblr */ = {
			isa = PBXNativeTarget;
			buildConfigurationList = 70EBEE681AA67C8F00E5ACF4 /* Build configuration list for PBXNativeTarget "Tumblr" */;
			buildPhases = (
				70EBEE451AA67C8F00E5ACF4 /* Sources */,
				70EBEE461AA67C8F00E5ACF4 /* Frameworks */,
				70EBEE471AA67C8F00E5ACF4 /* Resources */,
			);
			buildRules = (
			);
			dependencies = (
			);
			name = Tumblr;
			productName = Tumblr;
			productReference = 70EBEE491AA67C8F00E5ACF4 /* Tumblr.app */;
			productType = "com.apple.product-type.application";
		};
		70EBEE5D1AA67C8F00E5ACF4 /* TumblrTests */ = {
			isa = PBXNativeTarget;
			buildConfigurationList = 70EBEE6B1AA67C8F00E5ACF4 /* Build configuration list for PBXNativeTarget "TumblrTests" */;
			buildPhases = (
				70EBEE5A1AA67C8F00E5ACF4 /* Sources */,
				70EBEE5B1AA67C8F00E5ACF4 /* Frameworks */,
				70EBEE5C1AA67C8F00E5ACF4 /* Resources */,
			);
			buildRules = (
			);
			dependencies = (
				70EBEE601AA67C8F00E5ACF4 /* PBXTargetDependency */,
			);
			name = TumblrTests;
			productName = TumblrTests;
			productReference = 70EBEE5E1AA67C8F00E5ACF4 /* TumblrTests.xctest */;
			productType = "com.apple.product-type.bundle.unit-test";
		};
/* End PBXNativeTarget section */

/* Begin PBXProject section */
		70EBEE411AA67C8F00E5ACF4 /* Project object */ = {
			isa = PBXProject;
			attributes = {
				LastUpgradeCheck = 0610;
				ORGANIZATIONNAME = nevver;
				TargetAttributes = {
					70EBEE481AA67C8F00E5ACF4 = {
						CreatedOnToolsVersion = 6.1.1;
					};
					70EBEE5D1AA67C8F00E5ACF4 = {
						CreatedOnToolsVersion = 6.1.1;
						TestTargetID = 70EBEE481AA67C8F00E5ACF4;
					};
				};
			};
			buildConfigurationList = 70EBEE441AA67C8F00E5ACF4 /* Build configuration list for PBXProject "Tumblr" */;
			compatibilityVersion = "Xcode 3.2";
			developmentRegion = English;
			hasScannedForEncodings = 0;
			knownRegions = (
				en,
				Base,
			);
			mainGroup = 70EBEE401AA67C8F00E5ACF4;
			productRefGroup = 70EBEE4A1AA67C8F00E5ACF4 /* Products */;
			projectDirPath = "";
			projectRoot = "";
			targets = (
				70EBEE481AA67C8F00E5ACF4 /* Tumblr */,
				70EBEE5D1AA67C8F00E5ACF4 /* TumblrTests */,
			);
		};
/* End PBXProject section */

/* Begin PBXResourcesBuildPhase section */
		70EBEE471AA67C8F00E5ACF4 /* Resources */ = {
			isa = PBXResourcesBuildPhase;
			buildActionMask = 2147483647;
			files = (
				70EBEE541AA67C8F00E5ACF4 /* Main.storyboard in Resources */,
				70EBEE561AA67C8F00E5ACF4 /* Images.xcassets in Resources */,
			);
			runOnlyForDeploymentPostprocessing = 0;
		};
		70EBEE5C1AA67C8F00E5ACF4 /* Resources */ = {
			isa = PBXResourcesBuildPhase;
			buildActionMask = 2147483647;
			files = (
			);
			runOnlyForDeploymentPostprocessing = 0;
		};
/* End PBXResourcesBuildPhase section */

/* Begin PBXSourcesBuildPhase section */
		70EBEE451AA67C8F00E5ACF4 /* Sources */ = {
			isa = PBXSourcesBuildPhase;
			buildActionMask = 2147483647;
			files = (
				70B7FCE11AA7FAF200224CF2 /* TrendingViewController.swift in Sources */,
				70B7FCDD1AA7FAD600224CF2 /* ComposeViewController.swift in Sources */,
				70B7FCD71AA7F92000224CF2 /* TabBarViewController.swift in Sources */,
				70B7FCDF1AA7FAE600224CF2 /* AccountViewController.swift in Sources */,
				70EBEE4F1AA67C8F00E5ACF4 /* AppDelegate.swift in Sources */,
				70B7FCDB1AA7FACD00224CF2 /* SearchViewController.swift in Sources */,
				70B7FCD91AA7FAC400224CF2 /* HomeViewController.swift in Sources */,
			);
			runOnlyForDeploymentPostprocessing = 0;
		};
		70EBEE5A1AA67C8F00E5ACF4 /* Sources */ = {
			isa = PBXSourcesBuildPhase;
			buildActionMask = 2147483647;
			files = (
				70EBEE651AA67C8F00E5ACF4 /* TumblrTests.swift in Sources */,
			);
			runOnlyForDeploymentPostprocessing = 0;
		};
/* End PBXSourcesBuildPhase section */

/* Begin PBXTargetDependency section */
		70EBEE601AA67C8F00E5ACF4 /* PBXTargetDependency */ = {
			isa = PBXTargetDependency;
			target = 70EBEE481AA67C8F00E5ACF4 /* Tumblr */;
			targetProxy = 70EBEE5F1AA67C8F00E5ACF4 /* PBXContainerItemProxy */;
		};
/* End PBXTargetDependency section */

/* Begin PBXVariantGroup section */
		70EBEE521AA67C8F00E5ACF4 /* Main.storyboard */ = {
			isa = PBXVariantGroup;
			children = (
				70EBEE531AA67C8F00E5ACF4 /* Base */,
			);
			name = Main.storyboard;
			sourceTree = "<group>";
		};
/* End PBXVariantGroup section */

/* Begin XCBuildConfiguration section */
		70EBEE661AA67C8F00E5ACF4 /* Debug */ = {
			isa = XCBuildConfiguration;
			buildSettings = {
				ALWAYS_SEARCH_USER_PATHS = NO;
				CLANG_CXX_LANGUAGE_STANDARD = "gnu++0x";
				CLANG_CXX_LIBRARY = "libc++";
				CLANG_ENABLE_MODULES = YES;
				CLANG_ENABLE_OBJC_ARC = YES;
				CLANG_WARN_BOOL_CONVERSION = YES;
				CLANG_WARN_CONSTANT_CONVERSION = YES;
				CLANG_WARN_DIRECT_OBJC_ISA_USAGE = YES_ERROR;
				CLANG_WARN_EMPTY_BODY = YES;
				CLANG_WARN_ENUM_CONVERSION = YES;
				CLANG_WARN_INT_CONVERSION = YES;
				CLANG_WARN_OBJC_ROOT_CLASS = YES_ERROR;
				CLANG_WARN_UNREACHABLE_CODE = YES;
				CLANG_WARN__DUPLICATE_METHOD_MATCH = YES;
				"CODE_SIGN_IDENTITY[sdk=iphoneos*]" = "iPhone Developer";
				COPY_PHASE_STRIP = NO;
				ENABLE_STRICT_OBJC_MSGSEND = YES;
				GCC_C_LANGUAGE_STANDARD = gnu99;
				GCC_DYNAMIC_NO_PIC = NO;
				GCC_OPTIMIZATION_LEVEL = 0;
				GCC_PREPROCESSOR_DEFINITIONS = (
					"DEBUG=1",
					"$(inherited)",
				);
				GCC_SYMBOLS_PRIVATE_EXTERN = NO;
				GCC_WARN_64_TO_32_BIT_CONVERSION = YES;
				GCC_WARN_ABOUT_RETURN_TYPE = YES_ERROR;
				GCC_WARN_UNDECLARED_SELECTOR = YES;
				GCC_WARN_UNINITIALIZED_AUTOS = YES_AGGRESSIVE;
				GCC_WARN_UNUSED_FUNCTION = YES;
				GCC_WARN_UNUSED_VARIABLE = YES;
				IPHONEOS_DEPLOYMENT_TARGET = 8.1;
				MTL_ENABLE_DEBUG_INFO = YES;
				ONLY_ACTIVE_ARCH = YES;
				SDKROOT = iphoneos;
				SWIFT_OPTIMIZATION_LEVEL = "-Onone";
			};
			name = Debug;
		};
		70EBEE671AA67C8F00E5ACF4 /* Release */ = {
			isa = XCBuildConfiguration;
			buildSettings = {
				ALWAYS_SEARCH_USER_PATHS = NO;
				CLANG_CXX_LANGUAGE_STANDARD = "gnu++0x";
				CLANG_CXX_LIBRARY = "libc++";
				CLANG_ENABLE_MODULES = YES;
				CLANG_ENABLE_OBJC_ARC = YES;
				CLANG_WARN_BOOL_CONVERSION = YES;
				CLANG_WARN_CONSTANT_CONVERSION = YES;
				CLANG_WARN_DIRECT_OBJC_ISA_USAGE = YES_ERROR;
				CLANG_WARN_EMPTY_BODY = YES;
				CLANG_WARN_ENUM_CONVERSION = YES;
				CLANG_WARN_INT_CONVERSION = YES;
				CLANG_WARN_OBJC_ROOT_CLASS = YES_ERROR;
				CLANG_WARN_UNREACHABLE_CODE = YES;
				CLANG_WARN__DUPLICATE_METHOD_MATCH = YES;
				"CODE_SIGN_IDENTITY[sdk=iphoneos*]" = "iPhone Developer";
				COPY_PHASE_STRIP = YES;
				ENABLE_NS_ASSERTIONS = NO;
				ENABLE_STRICT_OBJC_MSGSEND = YES;
				GCC_C_LANGUAGE_STANDARD = gnu99;
				GCC_WARN_64_TO_32_BIT_CONVERSION = YES;
				GCC_WARN_ABOUT_RETURN_TYPE = YES_ERROR;
				GCC_WARN_UNDECLARED_SELECTOR = YES;
				GCC_WARN_UNINITIALIZED_AUTOS = YES_AGGRESSIVE;
				GCC_WARN_UNUSED_FUNCTION = YES;
				GCC_WARN_UNUSED_VARIABLE = YES;
				IPHONEOS_DEPLOYMENT_TARGET = 8.1;
				MTL_ENABLE_DEBUG_INFO = NO;
				SDKROOT = iphoneos;
				VALIDATE_PRODUCT = YES;
			};
			name = Release;
		};
		70EBEE691AA67C8F00E5ACF4 /* Debug */ = {
			isa = XCBuildConfiguration;
			buildSettings = {
				ASSETCATALOG_COMPILER_APPICON_NAME = AppIcon;
				ASSETCATALOG_COMPILER_LAUNCHIMAGE_NAME = LaunchImage;
				INFOPLIST_FILE = Tumblr/Info.plist;
				LD_RUNPATH_SEARCH_PATHS = "$(inherited) @executable_path/Frameworks";
				PRODUCT_NAME = "$(TARGET_NAME)";
			};
			name = Debug;
		};
		70EBEE6A1AA67C8F00E5ACF4 /* Release */ = {
			isa = XCBuildConfiguration;
			buildSettings = {
				ASSETCATALOG_COMPILER_APPICON_NAME = AppIcon;
				ASSETCATALOG_COMPILER_LAUNCHIMAGE_NAME = LaunchImage;
				INFOPLIST_FILE = Tumblr/Info.plist;
				LD_RUNPATH_SEARCH_PATHS = "$(inherited) @executable_path/Frameworks";
				PRODUCT_NAME = "$(TARGET_NAME)";
			};
			name = Release;
		};
		70EBEE6C1AA67C8F00E5ACF4 /* Debug */ = {
			isa = XCBuildConfiguration;
			buildSettings = {
				BUNDLE_LOADER = "$(TEST_HOST)";
				FRAMEWORK_SEARCH_PATHS = (
					"$(SDKROOT)/Developer/Library/Frameworks",
					"$(inherited)",
				);
				GCC_PREPROCESSOR_DEFINITIONS = (
					"DEBUG=1",
					"$(inherited)",
				);
				INFOPLIST_FILE = TumblrTests/Info.plist;
				LD_RUNPATH_SEARCH_PATHS = "$(inherited) @executable_path/Frameworks @loader_path/Frameworks";
				PRODUCT_NAME = "$(TARGET_NAME)";
				TEST_HOST = "$(BUILT_PRODUCTS_DIR)/Tumblr.app/Tumblr";
			};
			name = Debug;
		};
		70EBEE6D1AA67C8F00E5ACF4 /* Release */ = {
			isa = XCBuildConfiguration;
			buildSettings = {
				BUNDLE_LOADER = "$(TEST_HOST)";
				FRAMEWORK_SEARCH_PATHS = (
					"$(SDKROOT)/Developer/Library/Frameworks",
					"$(inherited)",
				);
				INFOPLIST_FILE = TumblrTests/Info.plist;
				LD_RUNPATH_SEARCH_PATHS = "$(inherited) @executable_path/Frameworks @loader_path/Frameworks";
				PRODUCT_NAME = "$(TARGET_NAME)";
				TEST_HOST = "$(BUILT_PRODUCTS_DIR)/Tumblr.app/Tumblr";
			};
			name = Release;
		};
/* End XCBuildConfiguration section */

/* Begin XCConfigurationList section */
		70EBEE441AA67C8F00E5ACF4 /* Build configuration list for PBXProject "Tumblr" */ = {
			isa = XCConfigurationList;
			buildConfigurations = (
				70EBEE661AA67C8F00E5ACF4 /* Debug */,
				70EBEE671AA67C8F00E5ACF4 /* Release */,
			);
			defaultConfigurationIsVisible = 0;
			defaultConfigurationName = Release;
		};
		70EBEE681AA67C8F00E5ACF4 /* Build configuration list for PBXNativeTarget "Tumblr" */ = {
			isa = XCConfigurationList;
			buildConfigurations = (
				70EBEE691AA67C8F00E5ACF4 /* Debug */,
				70EBEE6A1AA67C8F00E5ACF4 /* Release */,
			);
			defaultConfigurationIsVisible = 0;
			defaultConfigurationName = Release;
		};
		70EBEE6B1AA67C8F00E5ACF4 /* Build configuration list for PBXNativeTarget "TumblrTests" */ = {
			isa = XCConfigurationList;
			buildConfigurations = (
				70EBEE6C1AA67C8F00E5ACF4 /* Debug */,
				70EBEE6D1AA67C8F00E5ACF4 /* Release */,
			);
			defaultConfigurationIsVisible = 0;
			defaultConfigurationName = Release;
		};
/* End XCConfigurationList section */
	};
	rootObject = 70EBEE411AA67C8F00E5ACF4 /* Project object */;
}
